
Microsoft Visual Studio Solution File, Format Version 12.00
# Visual Studio Version 16
VisualStudioVersion = 16.0.30413.136
MinimumVisualStudioVersion = 10.0.40219.1
Project("{FAE04EC0-301F-11D3-BF4B-00C04F79EFBC}") = "Base64 to PDF Decoder", "Base64 to PDF Decoder\Base64 to PDF Decoder.csproj", "{1DF21C57-B051-42F5-8619-478406EEB83B}"
EndProject
Global
	GlobalSection(SolutionConfigurationPlatforms) = preSolution
		Debug|Any CPU = Debug|Any CPU
		Release|Any CPU = Release|Any CPU
	EndGlobalSection
	GlobalSection(ProjectConfigurationPlatforms) = postSolution
		{1DF21C57-B051-42F5-8619-478406EEB83B}.Debug|Any CPU.ActiveCfg = Debug|Any CPU
		{1DF21C57-B051-42F5-8619-478406EEB83B}.Debug|Any CPU.Build.0 = Debug|Any CPU
		{1DF21C57-B051-42F5-8619-478406EEB83B}.Release|Any CPU.ActiveCfg = Release|Any CPU
		{1DF21C57-B051-42F5-8619-478406EEB83B}.Release|Any CPU.Build.0 = Release|Any CPU
	EndGlobalSection
	GlobalSection(SolutionProperties) = preSolution
		HideSolutionNode = FALSE
	EndGlobalSection
	GlobalSection(ExtensibilityGlobals) = postSolution
		SolutionGuid = {6ABE6319-86CF-4B53-A74A-DC8745AF8247}
	EndGlobalSection
EndGlobal
